
Microsoft Visual Studio Solution File, Format Version 12.00
# Visual Studio Version 17
VisualStudioVersion = 17.14.36414.22 d17.14
MinimumVisualStudioVersion = 10.0.40219.1
Project("{FAE04EC0-301F-11D3-BF4B-00C04F79EFBC}") = "CarRentalSystem.PL", "CarRentalSystem.PL\CarRentalSystem.PL.csproj", "{561C313D-0CFF-4BEC-AF83-023E8AC7782D}"
EndProject
Project("{FAE04EC0-301F-11D3-BF4B-00C04F79EFBC}") = "CarRentalSystem.DAL", "CarRentalSystem.DAL\CarRentalSystem.DAL.csproj", "{1E3047E8-2782-4F36-A294-761059506ECF}"
EndProject
Project("{FAE04EC0-301F-11D3-BF4B-00C04F79EFBC}") = "CarRentalSystem.BLL", "CarRentalSystem.BLL\CarRentalSystem.BLL.csproj", "{785BCFE8-131F-4317-8959-6E4CEC964717}"
EndProject
Global
	GlobalSection(SolutionConfigurationPlatforms) = preSolution
		Debug|Any CPU = Debug|Any CPU
		Release|Any CPU = Release|Any CPU
	EndGlobalSection
	GlobalSection(ProjectConfigurationPlatforms) = postSolution
		{561C313D-0CFF-4BEC-AF83-023E8AC7782D}.Debug|Any CPU.ActiveCfg = Debug|Any CPU
		{561C313D-0CFF-4BEC-AF83-023E8AC7782D}.Debug|Any CPU.Build.0 = Debug|Any CPU
		{561C313D-0CFF-4BEC-AF83-023E8AC7782D}.Release|Any CPU.ActiveCfg = Release|Any CPU
		{561C313D-0CFF-4BEC-AF83-023E8AC7782D}.Release|Any CPU.Build.0 = Release|Any CPU
		{1E3047E8-2782-4F36-A294-761059506ECF}.Debug|Any CPU.ActiveCfg = Debug|Any CPU
		{1E3047E8-2782-4F36-A294-761059506ECF}.Debug|Any CPU.Build.0 = Debug|Any CPU
		{1E3047E8-2782-4F36-A294-761059506ECF}.Release|Any CPU.ActiveCfg = Release|Any CPU
		{1E3047E8-2782-4F36-A294-761059506ECF}.Release|Any CPU.Build.0 = Release|Any CPU
		{785BCFE8-131F-4317-8959-6E4CEC964717}.Debug|Any CPU.ActiveCfg = Debug|Any CPU
		{785BCFE8-131F-4317-8959-6E4CEC964717}.Debug|Any CPU.Build.0 = Debug|Any CPU
		{785BCFE8-131F-4317-8959-6E4CEC964717}.Release|Any CPU.ActiveCfg = Release|Any CPU
		{785BCFE8-131F-4317-8959-6E4CEC964717}.Release|Any CPU.Build.0 = Release|Any CPU
	EndGlobalSection
	GlobalSection(SolutionProperties) = preSolution
		HideSolutionNode = FALSE
	EndGlobalSection
	GlobalSection(ExtensibilityGlobals) = postSolution
		SolutionGuid = {88F25FDD-0C96-4F31-AD0A-CE913899781C}
	EndGlobalSection
EndGlobal
